
Microsoft Visual Studio Solution File, Format Version 12.00
# Visual Studio 15
VisualStudioVersion = 15.0.27703.2035
MinimumVisualStudioVersion = 10.0.40219.1
Project("{FAE04EC0-301F-11D3-BF4B-00C04F79EFBC}") = "App.Android", "App\App.Android\App.Android.csproj", "{D546712E-9876-44BC-9213-7B6E5EEEB523}"
EndProject
Project("{FAE04EC0-301F-11D3-BF4B-00C04F79EFBC}") = "App.iOS", "App\App.iOS\App.iOS.csproj", "{906BFF4F-33AD-4027-AF52-76FC7D4C2117}"
EndProject
Project("{FAE04EC0-301F-11D3-BF4B-00C04F79EFBC}") = "App", "App\App\App.csproj", "{B3DC2E2B-1B6D-4D01-A4EB-6E5C05070040}"
EndProject
Global
	GlobalSection(SolutionConfigurationPlatforms) = preSolution
		Ad-Hoc|Any CPU = Ad-Hoc|Any CPU
		Ad-Hoc|iPhone = Ad-Hoc|iPhone
		Ad-Hoc|iPhoneSimulator = Ad-Hoc|iPhoneSimulator
		AppStore|Any CPU = AppStore|Any CPU
		AppStore|iPhone = AppStore|iPhone
		AppStore|iPhoneSimulator = AppStore|iPhoneSimulator
		Debug|Any CPU = Debug|Any CPU
		Debug|iPhone = Debug|iPhone
		Debug|iPhoneSimulator = Debug|iPhoneSimulator
		Release|Any CPU = Release|Any CPU
		Release|iPhone = Release|iPhone
		Release|iPhoneSimulator = Release|iPhoneSimulator
	EndGlobalSection
	GlobalSection(ProjectConfigurationPlatforms) = postSolution
		{D546712E-9876-44BC-9213-7B6E5EEEB523}.Ad-Hoc|Any CPU.ActiveCfg = Release|Any CPU
		{D546712E-9876-44BC-9213-7B6E5EEEB523}.Ad-Hoc|Any CPU.Build.0 = Release|Any CPU
		{D546712E-9876-44BC-9213-7B6E5EEEB523}.Ad-Hoc|Any CPU.Deploy.0 = Release|Any CPU
		{D546712E-9876-44BC-9213-7B6E5EEEB523}.Ad-Hoc|iPhone.ActiveCfg = Release|Any CPU
		{D546712E-9876-44BC-9213-7B6E5EEEB523}.Ad-Hoc|iPhone.Build.0 = Release|Any CPU
		{D546712E-9876-44BC-9213-7B6E5EEEB523}.Ad-Hoc|iPhone.Deploy.0 = Release|Any CPU
		{D546712E-9876-44BC-9213-7B6E5EEEB523}.Ad-Hoc|iPhoneSimulator.ActiveCfg = Release|Any CPU
		{D546712E-9876-44BC-9213-7B6E5EEEB523}.Ad-Hoc|iPhoneSimulator.Build.0 = Release|Any CPU
		{D546712E-9876-44BC-9213-7B6E5EEEB523}.Ad-Hoc|iPhoneSimulator.Deploy.0 = Release|Any CPU
		{D546712E-9876-44BC-9213-7B6E5EEEB523}.AppStore|Any CPU.ActiveCfg = Release|Any CPU
		{D546712E-9876-44BC-9213-7B6E5EEEB523}.AppStore|Any CPU.Build.0 = Release|Any CPU
		{D546712E-9876-44BC-9213-7B6E5EEEB523}.AppStore|Any CPU.Deploy.0 = Release|Any CPU
		{D546712E-9876-44BC-9213-7B6E5EEEB523}.AppStore|iPhone.ActiveCfg = Release|Any CPU
		{D546712E-9876-44BC-9213-7B6E5EEEB523}.AppStore|iPhone.Build.0 = Release|Any CPU
		{D546712E-9876-44BC-9213-7B6E5EEEB523}.AppStore|iPhone.Deploy.0 = Release|Any CPU
		{D546712E-9876-44BC-9213-7B6E5EEEB523}.AppStore|iPhoneSimulator.ActiveCfg = Release|Any CPU
		{D546712E-9876-44BC-9213-7B6E5EEEB523}.AppStore|iPhoneSimulator.Build.0 = Release|Any CPU
		{D546712E-9876-44BC-9213-7B6E5EEEB523}.AppStore|iPhoneSimulator.Deploy.0 = Release|Any CPU
		{D546712E-9876-44BC-9213-7B6E5EEEB523}.Debug|Any CPU.ActiveCfg = Debug|Any CPU
		{D546712E-9876-44BC-9213-7B6E5EEEB523}.Debug|Any CPU.Build.0 = Debug|Any CPU
		{D546712E-9876-44BC-9213-7B6E5EEEB523}.Debug|Any CPU.Deploy.0 = Debug|Any CPU
		{D546712E-9876-44BC-9213-7B6E5EEEB523}.Debug|iPhone.ActiveCfg = Debug|Any CPU
		{D546712E-9876-44BC-9213-7B6E5EEEB523}.Debug|iPhone.Build.0 = Debug|Any CPU
		{D546712E-9876-44BC-9213-7B6E5EEEB523}.Debug|iPhone.Deploy.0 = Debug|Any CPU
		{D546712E-9876-44BC-9213-7B6E5EEEB523}.Debug|iPhoneSimulator.ActiveCfg = Debug|Any CPU
		{D546712E-9876-44BC-9213-7B6E5EEEB523}.Debug|iPhoneSimulator.Build.0 = Debug|Any CPU
		{D546712E-9876-44BC-9213-7B6E5EEEB523}.Debug|iPhoneSimulator.Deploy.0 = Debug|Any CPU
		{D546712E-9876-44BC-9213-7B6E5EEEB523}.Release|Any CPU.ActiveCfg = Release|Any CPU
		{D546712E-9876-44BC-9213-7B6E5EEEB523}.Release|Any CPU.Build.0 = Release|Any CPU
		{D546712E-9876-44BC-9213-7B6E5EEEB523}.Release|Any CPU.Deploy.0 = Release|Any CPU
		{D546712E-9876-44BC-9213-7B6E5EEEB523}.Release|iPhone.ActiveCfg = Release|Any CPU
		{D546712E-9876-44BC-9213-7B6E5EEEB523}.Release|iPhone.Build.0 = Release|Any CPU
		{D546712E-9876-44BC-9213-7B6E5EEEB523}.Release|iPhone.Deploy.0 = Release|Any CPU
		{D546712E-9876-44BC-9213-7B6E5EEEB523}.Release|iPhoneSimulator.ActiveCfg = Release|Any CPU
		{D546712E-9876-44BC-9213-7B6E5EEEB523}.Release|iPhoneSimulator.Build.0 = Release|Any CPU
		{D546712E-9876-44BC-9213-7B6E5EEEB523}.Release|iPhoneSimulator.Deploy.0 = Release|Any CPU
		{906BFF4F-33AD-4027-AF52-76FC7D4C2117}.Ad-Hoc|Any CPU.ActiveCfg = Ad-Hoc|iPhone
		{906BFF4F-33AD-4027-AF52-76FC7D4C2117}.Ad-Hoc|Any CPU.Build.0 = Ad-Hoc|iPhone
		{906BFF4F-33AD-4027-AF52-76FC7D4C2117}.Ad-Hoc|Any CPU.Deploy.0 = Ad-Hoc|iPhone
		{906BFF4F-33AD-4027-AF52-76FC7D4C2117}.Ad-Hoc|iPhone.ActiveCfg = Ad-Hoc|iPhone
		{906BFF4F-33AD-4027-AF52-76FC7D4C2117}.Ad-Hoc|iPhone.Build.0 = Ad-Hoc|iPhone
		{906BFF4F-33AD-4027-AF52-76FC7D4C2117}.Ad-Hoc|iPhone.Deploy.0 = Ad-Hoc|iPhone
		{906BFF4F-33AD-4027-AF52-76FC7D4C2117}.Ad-Hoc|iPhoneSimulator.ActiveCfg = Ad-Hoc|iPhoneSimulator
		{906BFF4F-33AD-4027-AF52-76FC7D4C2117}.Ad-Hoc|iPhoneSimulator.Build.0 = Ad-Hoc|iPhoneSimulator
		{906BFF4F-33AD-4027-AF52-76FC7D4C2117}.Ad-Hoc|iPhoneSimulator.Deploy.0 = Ad-Hoc|iPhoneSimulator
		{906BFF4F-33AD-4027-AF52-76FC7D4C2117}.AppStore|Any CPU.ActiveCfg = AppStore|iPhone
		{906BFF4F-33AD-4027-AF52-76FC7D4C2117}.AppStore|Any CPU.Build.0 = AppStore|iPhone
		{906BFF4F-33AD-4027-AF52-76FC7D4C2117}.AppStore|Any CPU.Deploy.0 = AppStore|iPhone
		{906BFF4F-33AD-4027-AF52-76FC7D4C2117}.AppStore|iPhone.ActiveCfg = AppStore|iPhone
		{906BFF4F-33AD-4027-AF52-76FC7D4C2117}.AppStore|iPhone.Build.0 = AppStore|iPhone
		{906BFF4F-33AD-4027-AF52-76FC7D4C2117}.AppStore|iPhone.Deploy.0 = AppStore|iPhone
		{906BFF4F-33AD-4027-AF52-76FC7D4C2117}.AppStore|iPhoneSimulator.ActiveCfg = AppStore|iPhoneSimulator
		{906BFF4F-33AD-4027-AF52-76FC7D4C2117}.AppStore|iPhoneSimulator.Build.0 = AppStore|iPhoneSimulator
		{906BFF4F-33AD-4027-AF52-76FC7D4C2117}.AppStore|iPhoneSimulator.Deploy.0 = AppStore|iPhoneSimulator
		{906BFF4F-33AD-4027-AF52-76FC7D4C2117}.Debug|Any CPU.ActiveCfg = Debug|iPhoneSimulator
		{906BFF4F-33AD-4027-AF52-76FC7D4C2117}.Debug|Any CPU.Build.0 = Debug|iPhoneSimulator
		{906BFF4F-33AD-4027-AF52-76FC7D4C2117}.Debug|Any CPU.Deploy.0 = Debug|iPhoneSimulator
		{906BFF4F-33AD-4027-AF52-76FC7D4C2117}.Debug|iPhone.ActiveCfg = Debug|iPhone
		{906BFF4F-33AD-4027-AF52-76FC7D4C2117}.Debug|iPhone.Build.0 = Debug|iPhone
		{906BFF4F-33AD-4027-AF52-76FC7D4C2117}.Debug|iPhone.Deploy.0 = Debug|iPhone
		{906BFF4F-33AD-4027-AF52-76FC7D4C2117}.Debug|iPhoneSimulator.ActiveCfg = Debug|iPhoneSimulator
		{906BFF4F-33AD-4027-AF52-76FC7D4C2117}.Debug|iPhoneSimulator.Build.0 = Debug|iPhoneSimulator
		{906BFF4F-33AD-4027-AF52-76FC7D4C2117}.Debug|iPhoneSimulator.Deploy.0 = Debug|iPhoneSimulator
		{906BFF4F-33AD-4027-AF52-76FC7D4C2117}.Release|Any CPU.ActiveCfg = Release|iPhone
		{906BFF4F-33AD-4027-AF52-76FC7D4C2117}.Release|Any CPU.Build.0 = Release|iPhone
		{906BFF4F-33AD-4027-AF52-76FC7D4C2117}.Release|Any CPU.Deploy.0 = Release|iPhone
		{906BFF4F-33AD-4027-AF52-76FC7D4C2117}.Release|iPhone.ActiveCfg = Release|iPhone
		{906BFF4F-33AD-4027-AF52-76FC7D4C2117}.Release|iPhone.Build.0 = Release|iPhone
		{906BFF4F-33AD-4027-AF52-76FC7D4C2117}.Release|iPhone.Deploy.0 = Release|iPhone
		{906BFF4F-33AD-4027-AF52-76FC7D4C2117}.Release|iPhoneSimulator.ActiveCfg = Release|iPhoneSimulator
		{906BFF4F-33AD-4027-AF52-76FC7D4C2117}.Release|iPhoneSimulator.Build.0 = Release|iPhoneSimulator
		{906BFF4F-33AD-4027-AF52-76FC7D4C2117}.Release|iPhoneSimulator.Deploy.0 = Release|iPhoneSimulator
		{B3DC2E2B-1B6D-4D01-A4EB-6E5C05070040}.Ad-Hoc|Any CPU.ActiveCfg = Debug|Any CPU
		{B3DC2E2B-1B6D-4D01-A4EB-6E5C05070040}.Ad-Hoc|Any CPU.Build.0 = Debug|Any CPU
		{B3DC2E2B-1B6D-4D01-A4EB-6E5C05070040}.Ad-Hoc|Any CPU.Deploy.0 = Debug|Any CPU
		{B3DC2E2B-1B6D-4D01-A4EB-6E5C05070040}.Ad-Hoc|iPhone.ActiveCfg = Debug|Any CPU
		{B3DC2E2B-1B6D-4D01-A4EB-6E5C05070040}.Ad-Hoc|iPhone.Build.0 = Debug|Any CPU
		{B3DC2E2B-1B6D-4D01-A4EB-6E5C05070040}.Ad-Hoc|iPhone.Deploy.0 = Debug|Any CPU
		{B3DC2E2B-1B6D-4D01-A4EB-6E5C05070040}.Ad-Hoc|iPhoneSimulator.ActiveCfg = Debug|Any CPU
		{B3DC2E2B-1B6D-4D01-A4EB-6E5C05070040}.Ad-Hoc|iPhoneSimulator.Build.0 = Debug|Any CPU
		{B3DC2E2B-1B6D-4D01-A4EB-6E5C05070040}.Ad-Hoc|iPhoneSimulator.Deploy.0 = Debug|Any CPU
		{B3DC2E2B-1B6D-4D01-A4EB-6E5C05070040}.AppStore|Any CPU.ActiveCfg = Debug|Any CPU
		{B3DC2E2B-1B6D-4D01-A4EB-6E5C05070040}.AppStore|Any CPU.Build.0 = Debug|Any CPU
		{B3DC2E2B-1B6D-4D01-A4EB-6E5C05070040}.AppStore|Any CPU.Deploy.0 = Debug|Any CPU
		{B3DC2E2B-1B6D-4D01-A4EB-6E5C05070040}.AppStore|iPhone.ActiveCfg = Debug|Any CPU
		{B3DC2E2B-1B6D-4D01-A4EB-6E5C05070040}.AppStore|iPhone.Build.0 = Debug|Any CPU
		{B3DC2E2B-1B6D-4D01-A4EB-6E5C05070040}.AppStore|iPhone.Deploy.0 = Debug|Any CPU
		{B3DC2E2B-1B6D-4D01-A4EB-6E5C05070040}.AppStore|iPhoneSimulator.ActiveCfg = Debug|Any CPU
		{B3DC2E2B-1B6D-4D01-A4EB-6E5C05070040}.AppStore|iPhoneSimulator.Build.0 = Debug|Any CPU
		{B3DC2E2B-1B6D-4D01-A4EB-6E5C05070040}.AppStore|iPhoneSimulator.Deploy.0 = Debug|Any CPU
		{B3DC2E2B-1B6D-4D01-A4EB-6E5C05070040}.Debug|Any CPU.ActiveCfg = Debug|Any CPU
		{B3DC2E2B-1B6D-4D01-A4EB-6E5C05070040}.Debug|Any CPU.Build.0 = Debug|Any CPU
		{B3DC2E2B-1B6D-4D01-A4EB-6E5C05070040}.Debug|Any CPU.Deploy.0 = Debug|Any CPU
		{B3DC2E2B-1B6D-4D01-A4EB-6E5C05070040}.Debug|iPhone.ActiveCfg = Debug|Any CPU
		{B3DC2E2B-1B6D-4D01-A4EB-6E5C05070040}.Debug|iPhone.Build.0 = Debug|Any CPU
		{B3DC2E2B-1B6D-4D01-A4EB-6E5C05070040}.Debug|iPhone.Deploy.0 = Debug|Any CPU
		{B3DC2E2B-1B6D-4D01-A4EB-6E5C05070040}.Debug|iPhoneSimulator.ActiveCfg = Debug|Any CPU
		{B3DC2E2B-1B6D-4D01-A4EB-6E5C05070040}.Debug|iPhoneSimulator.Build.0 = Debug|Any CPU
		{B3DC2E2B-1B6D-4D01-A4EB-6E5C05070040}.Debug|iPhoneSimulator.Deploy.0 = Debug|Any CPU
		{B3DC2E2B-1B6D-4D01-A4EB-6E5C05070040}.Release|Any CPU.ActiveCfg = Release|Any CPU
		{B3DC2E2B-1B6D-4D01-A4EB-6E5C05070040}.Release|Any CPU.Build.0 = Release|Any CPU
		{B3DC2E2B-1B6D-4D01-A4EB-6E5C05070040}.Release|Any CPU.Deploy.0 = Release|Any CPU
		{B3DC2E2B-1B6D-4D01-A4EB-6E5C05070040}.Release|iPhone.ActiveCfg = Release|Any CPU
		{B3DC2E2B-1B6D-4D01-A4EB-6E5C05070040}.Release|iPhone.Build.0 = Release|Any CPU
		{B3DC2E2B-1B6D-4D01-A4EB-6E5C05070040}.Release|iPhone.Deploy.0 = Release|Any CPU
		{B3DC2E2B-1B6D-4D01-A4EB-6E5C05070040}.Release|iPhoneSimulator.ActiveCfg = Release|Any CPU
		{B3DC2E2B-1B6D-4D01-A4EB-6E5C05070040}.Release|iPhoneSimulator.Build.0 = Release|Any CPU
		{B3DC2E2B-1B6D-4D01-A4EB-6E5C05070040}.Release|iPhoneSimulator.Deploy.0 = Release|Any CPU
	EndGlobalSection
	GlobalSection(SolutionProperties) = preSolution
		HideSolutionNode = FALSE
	EndGlobalSection
	GlobalSection(ExtensibilityGlobals) = postSolution
		SolutionGuid = {BBF23532-06CE-4FDA-BB1A-F8D70BABA9D0}
	EndGlobalSection
EndGlobal
